github.com/jbowtie/gokogiri v0.0.0-20190301021639-37f655d3078f h1:6UIvzqlGM38lOpKP380Wbl0kUyyjutcc7KJUaDM/U4o=
github.com/jbowtie/gokogiri v0.0.0-20190301021639-37f655d3078f/go.mod h1:C3R3VzPq+DAwilxue7DiV6F2QL1rrQX0L56GyI+sBxM=
github.com/jonboulle/clockwork v0.1.0 h1:VKV+ZcuP6l3yW9doeqz6ziZGgcynBVQO+obU0+0hcPo=
github.com/jonboulle/clockwork v0.1.0/go.mod h1:Ii8DK3G1RaLaWxj9trq07+26W01tbo22gdxWY5EU2bo=
github.com/jonboulle/clockwork v0.1.1-0.20190114141812-62fb9bc030d1 h1:qBCV/RLV02TSfQa7tFmxTihnG+u+7JXByOkhlkR5rmQ=
github.com/jonboulle/clockwork v0.1.1-0.20190114141812-62fb9bc030d1/go.mod h1:Ii8DK3G1RaLaWxj9trq07+26W01tbo22gdxWY5EU2bo=
github.com/lib/pq v0.0.0-20161102074814-a37edb862148 h1:rwvkrrPWwlFgOnZ3Gl+GvInXe/Bym0F2yT69VD7L0ng=
github.com/lib/pq v0.0.0-20161102074814-a37edb862148/go.mod h1:5WUZQaWbwv1U+lTReE5YruASi9Al49XbQIvNi/34Woo=
github.com/rubenv/sql-migrate v0.0.0-20160620083229-6f4757563362 h1:lmOdpLt3XS6QyVoY6xNfOOTNWE2xtUBees+OAO+HFOg=
github.com/rubenv/sql-migrate v0.0.0-20160620083229-6f4757563362/go.mod h1:WS0rl9eEliYI8DPnr3TOwz4439pay+qNgzJoVya/DmY=
github.com/satori/uuid v1.2.0 h1:6TFY4nxn5XwBx0gDfzbEMCNT6k4N/4FNIuN8RACZ0KI=
github.com/satori/uuid v1.2.0/go.mod h1:B8HLsPLik/YNn6KKWVMDJ8nzCL8RP5WyfsnmvnAEwIU=
golang.org/x/text v0.0.0-20170323194135-fc7fa097411d h1:1sMc8NOVcdoY8yek1CZ8tdEKC75kaIaQVvFp1655q6Q=
golang.org/x/text v0.0.0-20170323194135-fc7fa097411d/go.mod h1:NqM8EUOU14njkJ3fqMW+pc6Ldnwhi/IjpwHt7yyuwOQ=
gopkg.in/gorp.v1 v1.7.1 h1:GBB9KrWRATQZh95HJyVGUZrWwOPswitEYEyqlK8JbAA=
gopkg.in/gorp.v1 v1.7.1/go.mod h1:Wo3h+DBQZIxATwftsglhdD/62zRFPhGhTiu5jUJmCaw=
gopkg.in/yaml.v2 v2.0.0-20160928153709-a5b47d31c556 h1:hKXbLW5oaJoQgs8KrzTLdF4PoHi+0oQPgea9TNtvE3E=
gopkg.in/yaml.v2 v2.0.0-20160928153709-a5b47d31c556/go.mod h1:JAlM8MvJe8wmxCU4Bli9HhUf9+ttbYbLASfIpnQbh74=
