bitbucket.org/enroute-mobi/ara-external-models v0.0.9 h1:KRg4uG5DJyMsn56V1MWgF7qOhRAlUxChuorlO0SGOuo=
bitbucket.org/enroute-mobi/ara-external-models v0.0.9/go.mod h1:EXKNHGUaMYcZ83bHCoJJWjgCQelWTwW95oRV1vzKNnw=
cel.dev/expr v0.24.0 h1:56OvJKSH3hDGL0ml5uSxZmz3/3Pq4tJ+fb1unVLAFcY=
cel.dev/expr v0.24.0/go.mod h1:hLPLo1W4QUmuYdA72RBX06QTs6MXw941piREPl3Yfiw=
cloud.google.com/go v0.123.0 h1:2NAUJwPR47q+E35uaJeYoNhuNEM9kM8SjgRgdeOJUSE=
cloud.google.com/go v0.123.0/go.mod h1:xBoMV08QcqUGuPW65Qfm1o9Y4zKZBpGS+7bImXLTAZU=
cloud.google.com/go/auth v0.17.0 h1:74yCm7hCj2rUyyAocqnFzsAYXgJhrG26XCFimrc/Kz4=
cloud.google.com/go/auth v0.17.0/go.mod h1:6wv/t5/6rOPAX4fJiRjKkJCvswLwdet7G8+UGXt7nCQ=
cloud.google.com/go/auth/oauth2adapt v0.2.8 h1:keo8NaayQZ6wimpNSmW5OPc283g65QNIiLpZnkHRbnc=
cloud.google.com/go/auth/oauth2adapt v0.2.8/go.mod h1:XQ9y31RkqZCcwJWNSx2Xvric3RrU88hAYYbjDWYDL+c=
cloud.google.com/go/bigquery v1.71.0 h1:NvSZvXU1Hyb+YiRVKQPuQXGeZaw/0NP6M/WOrBqSx3g=
cloud.google.com/go/bigquery v1.71.0/go.mod h1:GUbRtmeCckOE85endLherHD9RsujY+gS7i++c1CqssQ=
cloud.google.com/go/compute/metadata v0.9.0 h1:pDUj4QMoPejqq20dK0Pg2N4yG9zIkYGdBtwLoEkH9Zs=
cloud.google.com/go/compute/metadata v0.9.0/go.mod h1:E0bWwX5wTnLPedCKqk3pJmVgCBSM6qQI1yTBdEb3C10=
cloud.google.com/go/datacatalog v1.26.1 h1:bCRKA8uSQN8wGW3Tw0gwko4E9a64GRmbW1nCblhgC2k=
cloud.google.com/go/datacatalog v1.26.1/go.mod h1:2Qcq8vsHNxMDgjgadRFmFG47Y+uuIVsyEGUrlrKEdrg=
cloud.google.com/go/iam v1.5.3 h1:+vMINPiDF2ognBJ97ABAYYwRgsaqxPbQDlMnbHMjolc=
cloud.google.com/go/iam v1.5.3/go.mod h1:MR3v9oLkZCTlaqljW6Eb2d3HGDGK5/bDv93jhfISFvU=
cloud.google.com/go/longrunning v0.7.0 h1:FV0+SYF1RIj59gyoWDRi45GiYUMM3K1qO51qoboQT1E=
cloud.google.com/go/longrunning v0.7.0/go.mod h1:ySn2yXmjbK9Ba0zsQqunhDkYi0+9rlXIwnoAf+h+TPY=
cloud.google.com/go/monitoring v1.24.3 h1:dde+gMNc0UhPZD1Azu6at2e79bfdztVDS5lvhOdsgaE=
cloud.google.com/go/monitoring v1.24.3/go.mod h1:nYP6W0tm3N9H/bOw8am7t62YTzZY+zUeQ+Bi6+2eonI=
cloud.google.com/go/storage v1.56.0 h1:iixmq2Fse2tqxMbWhLWC9HfBj1qdxqAmiK8/eqtsLxI=
cloud.google.com/go/storage v1.56.0/go.mod h1:Tpuj6t4NweCLzlNbw9Z9iwxEkrSem20AetIeH/shgVU=
github.com/DataDog/datadog-agent/comp/core/tagger/origindetection v0.71.2 h1:C4huKojabL8u+MknxnBYUk2Dudkii5kRH5PhD6gp2MA=
github.com/DataDog/datadog-agent/comp/core/tagger/origindetection v0.71.2/go.mod h1:y05SPqKEtrigKul+JBVM69ehv3lOgyKwrUIwLugoaSI=
github.com/DataDog/datadog-agent/pkg/obfuscate v0.71.2 h1:SS3xTi1zlyhslE7kJsrMErKAA56rdAP1Ll4ZWCRkq/o=
github.com/DataDog/datadog-agent/pkg/obfuscate v0.71.2/go.mod h1:B3T0If+WdWAwPMpawjm1lieJyqSI0v04dQZHq15WGxY=
github.com/DataDog/datadog-agent/pkg/opentelemetry-mapping-go/otlp/attributes v0.71.2 h1:v9PTAUhEQhHh+AZIU1OgzpJdSB76pwPI9+erztcdsJU=
github.com/DataDog/datadog-agent/pkg/opentelemetry-mapping-go/otlp/attributes v0.71.2/go.mod h1:XeZj0IgsiL3vgeEGTucf61JvJRh1LxWMUbZA/XJsPD0=
github.com/DataDog/datadog-agent/pkg/proto v0.71.2 h1:WC69FCbHoYQEneHtp8cv4A71GpT/WNjv5EiYkuopvFo=
github.com/DataDog/datadog-agent/pkg/proto v0.71.2/go.mod h1:KSn4jt3CykV6CT1C8Rknn/Nj3E+VYHK/UDWolg/+kzw=
github.com/DataDog/datadog-agent/pkg/remoteconfig/state v0.71.2 h1:z3P/8Znwo/cT3EgxNRa+UJqPHT0JPDIaAbOxPTgef68=
github.com/DataDog/datadog-agent/pkg/remoteconfig/state v0.71.2/go.mod h1:cAUt6KWsedHR2k4agAvEfiK8tGxFJDIrCvrWMIGwe/o=
github.com/DataDog/datadog-agent/pkg/trace v0.71.2 h1:F3Zk3JxkSnQ0rs4kifZ1y94alDqo/SAT9rwQlT0Nx7c=
github.com/DataDog/datadog-agent/pkg/trace v0.71.2/go.mod h1:cCkrxJC4m2KSDdfYlKb60W4yEguO5nBpmGquVX8Lb1w=
github.com/DataDog/datadog-agent/pkg/util/log v0.71.2 h1:GaOMKewaJnnbaOX1cdsZbsQCmKxCNamPyxI7e7kSL6c=
github.com/DataDog/datadog-agent/pkg/util/log v0.71.2/go.mod h1:lsew565lFp63tFjppWCKpZ1qVJrLhjFNGyTa/cwqZDY=
github.com/DataDog/datadog-agent/pkg/util/scrubber v0.71.2 h1:0QkToZ7R5bpiHcaa9pBOVXaMODxh9pUvMb3kpfT/nik=
github.com/DataDog/datadog-agent/pkg/util/scrubber v0.71.2/go.mod h1:0xxMqmIVxjAAXBUk2ntnvPuj0UjGDAEXZqLPLHF4eYg=
github.com/DataDog/datadog-agent/pkg/version v0.71.2 h1:5wVVZrOCzvH6ka+J/3iKQH3rMJPIW1OaLOkOO/DRX8U=
github.com/DataDog/datadog-agent/pkg/version v0.71.2/go.mod h1:FYj51C1ib86rpr5tlLEep9jitqvljIJ5Uz2rrimGTeY=
github.com/DataDog/datadog-go/v5 v5.8.1 h1:+GOES5W9zpKlhwHptZVW2C0NLVf7ilr7pHkDcbNvpIc=
github.com/DataDog/datadog-go/v5 v5.8.1/go.mod h1:K9kcYBlxkcPP8tvvjZZKs/m1edNAUFzBbdpTUKfCsuw=
github.com/DataDog/dd-trace-go/v2 v2.3.0 h1:0Y5kx+Wbod0z8moY0vUbKl6OM0oIV4zAynsVmsq+XT8=
github.com/DataDog/dd-trace-go/v2 v2.3.0/go.mod h1:yFomJ/rqKNLDbS9ohIDibdz8q9GK0MUSSkBdVDCibGA=
github.com/DataDog/go-libddwaf/v4 v4.6.0 h1:+qxofaFK/aJxjwHCM8hZsZMPj3OKH1wkOFuznxAhNK8=
github.com/DataDog/go-libddwaf/v4 v4.6.0/go.mod h1:/AZqP6zw3qGJK5mLrA0PkfK3UQDk1zCI2fUNCt4xftE=
github.com/DataDog/go-runtime-metrics-internal v0.0.4-0.20250721125240-fdf1ef85b633 h1:ZRLR9Lbym748e8RznWzmSoK+OfV+8qW6SdNYA4/IqdA=
github.com/DataDog/go-runtime-metrics-internal v0.0.4-0.20250721125240-fdf1ef85b633/go.mod h1:YFoTl1xsMzdSRFIu33oCSPS/3+HZAPGpO3oOM96wXCM=
github.com/DataDog/go-sqllexer v0.1.8 h1:ku9DpghFHeyyviR28W/3R4cCJwzpsuC08YIoltnx5ds=
github.com/DataDog/go-sqllexer v0.1.8/go.mod h1:GGpo1h9/BVSN+6NJKaEcJ9Jn44Hqc63Rakeb+24Mjgo=
github.com/DataDog/go-tuf v1.1.1-0.5.2 h1:YWvghV4ZvrQsPcUw8IOUMSDpqc3W5ruOIC+KJxPknv0=
github.com/DataDog/go-tuf v1.1.1-0.5.2/go.mod h1:zBcq6f654iVqmkk8n2Cx81E1JnNTMOAx1UEO/wZR+P0=
github.com/DataDog/gostackparse v0.7.0 h1:i7dLkXHvYzHV308hnkvVGDL3BR4FWl7IsXNPz/IGQh4=
github.com/DataDog/gostackparse v0.7.0/go.mod h1:lTfqcJKqS9KnXQGnyQMCugq3u1FP6UZMfWR0aitKFMM=
github.com/DataDog/sketches-go v1.4.7 h1:eHs5/0i2Sdf20Zkj0udVFWuCrXGRFig2Dcfm5rtcTxc=
github.com/DataDog/sketches-go v1.4.7/go.mod h1:eAmQ/EBmtSO+nQp7IZMZVRPT4BQTmIc5RZQ+deGlTPM=
github.com/GoogleCloudPlatform/opentelemetry-operations-go/detectors/gcp v1.29.0 h1:UQUsRi8WTzhZntp5313l+CHIAT95ojUI2lpP/ExlZa4=
github.com/GoogleCloudPlatform/opentelemetry-operations-go/detectors/gcp v1.29.0/go.mod h1:Cz6ft6Dkn3Et6l2v2a9/RpN7epQ1GtDlO6lj8bEcOvw=
github.com/GoogleCloudPlatform/opentelemetry-operations-go/exporter/metric v0.53.0 h1:owcC2UnmsZycprQ5RfRgjydWhuoxg71LUfyiQdijZuM=
github.com/GoogleCloudPlatform/opentelemetry-operations-go/exporter/metric v0.53.0/go.mod h1:ZPpqegjbE99EPKsu3iUWV22A04wzGPcAY/ziSIQEEgs=
github.com/GoogleCloudPlatform/opentelemetry-operations-go/internal/resourcemapping v0.53.0 h1:Ron4zCA/yk6U7WOBXhTJcDpsUBG9npumK6xw2auFltQ=
github.com/GoogleCloudPlatform/opentelemetry-operations-go/internal/resourcemapping v0.53.0/go.mod h1:cSgYe11MCNYunTnRXrKiR/tHc0eoKjICUuWpNZoVCOo=
github.com/Masterminds/semver/v3 v3.4.0 h1:Zog+i5UMtVoCU8oKka5P7i9q9HgrJeGzI9SA1Xbatp0=
github.com/Masterminds/semver/v3 v3.4.0/go.mod h1:4V+yj/TJE1HU9XfppCwVMZq3I84lprf4nC11bSS5beM=
github.com/Microsoft/go-winio v0.5.0/go.mod h1:JPGBdM1cNvN/6ISo+n8V5iA4v8pBzdOpzfwIujj1a84=
github.com/Microsoft/go-winio v0.6.2 h1:F2VQgta7ecxGYO8k3ZZz3RS8fVIXVxONVUPlNERoyfY=
github.com/Microsoft/go-winio v0.6.2/go.mod h1:yd8OoFMLzJbo9gZq8j5qaps8bJ9aShtEA8Ipt1oGCvU=
github.com/apache/arrow/go/v15 v15.0.2 h1:60IliRbiyTWCWjERBCkO1W4Qun9svcYoZrSLcyOsMLE=
github.com/apache/arrow/go/v15 v15.0.2/go.mod h1:DGXsR3ajT524njufqf95822i+KTh+yea1jass9YXgjA=
github.com/cenkalti/backoff/v5 v5.0.3 h1:ZN+IMa753KfX5hd8vVaMixjnqRZ3y8CuJKRKj1xcsSM=
github.com/cenkalti/backoff/v5 v5.0.3/go.mod h1:rkhZdG3JZukswDf7f0cwqPNk4K0sa+F97BxZthm/crw=
github.com/cespare/xxhash/v2 v2.1.1/go.mod h1:VGX0DQ3Q6kWi7AoAeZDth3/j3BFtOZR5XLFGgcrjCOs=
github.com/cespare/xxhash/v2 v2.3.0 h1:UL815xU9SqsFlibzuggzjXhog7bL6oX9BbNZnL2UFvs=
github.com/cespare/xxhash/v2 v2.3.0/go.mod h1:VGX0DQ3Q6kWi7AoAeZDth3/j3BFtOZR5XLFGgcrjCOs=
github.com/cihub/seelog v0.0.0-20170130134532-f561c5e57575 h1:kHaBemcxl8o/pQ5VM1c8PVE1PubbNx3mjUr09OqWGCs=
github.com/cihub/seelog v0.0.0-20170130134532-f561c5e57575/go.mod h1:9d6lWj8KzO/fd/NrVaLscBKmPigpZpn5YawRPw+e3Yo=
github.com/cncf/xds/go v0.0.0-20250501225837-2ac532fd4443 h1:aQ3y1lwWyqYPiWZThqv1aFbZMiM9vblcSArJRf2Irls=
github.com/cncf/xds/go v0.0.0-20250501225837-2ac532fd4443/go.mod h1:W+zGtBO5Y1IgJhy4+A9GOqVhqLpfZi+vwmdNXUehLA8=
github.com/creack/pty v1.1.9/go.mod h1:oKZEueFk5CKHvIhNR5MUki03XCEU+Q6VDXinZuGJ33E=
github.com/davecgh/go-spew v1.1.0/go.mod h1:J7Y8YcW2NihsgmVo/mv3lAwl/skON4iLHjSsI+c5H38=
github.com/davecgh/go-spew v1.1.1/go.mod h1:J7Y8YcW2NihsgmVo/mv3lAwl/skON4iLHjSsI+c5H38=
github.com/davecgh/go-spew v1.1.2-0.20180830191138-d8f796af33cc h1:U9qPSI2PIWSS1VwoXQT9A3Wy9MM3WgvqSxFWenqJduM=
github.com/davecgh/go-spew v1.1.2-0.20180830191138-d8f796af33cc/go.mod h1:J7Y8YcW2NihsgmVo/mv3lAwl/skON4iLHjSsI+c5H38=
github.com/dgryski/go-farm v0.0.0-20190423205320-6a90982ecee2/go.mod h1:SqUrOPUnsFjfmXRMNPybcSiG0BgUW2AuFH8PAnS2iTw=
github.com/dgryski/go-farm v0.0.0-20240924180020-3414d57e47da h1:aIftn67I1fkbMa512G+w+Pxci9hJPB8oMnkcP3iZF38=
github.com/dgryski/go-farm v0.0.0-20240924180020-3414d57e47da/go.mod h1:SqUrOPUnsFjfmXRMNPybcSiG0BgUW2AuFH8PAnS2iTw=
github.com/dustin/go-humanize v1.0.0/go.mod h1:HtrtbFcZ19U5GC7JDqmcUSB87Iq5E25KnS6fMYU6eOk=
github.com/dustin/go-humanize v1.0.1 h1:GzkhY7T5VNhEkwH0PVJgjz+fX1rhBrR7pRT3mDkpeCY=
github.com/dustin/go-humanize v1.0.1/go.mod h1:Mu1zIs6XwVuF/gI1OepvI0qD18qycQx+mFykh5fBlto=
github.com/ebitengine/purego v0.9.0 h1:mh0zpKBIXDceC63hpvPuGLiJ8ZAa3DfrFTudmfi8A4k=
github.com/ebitengine/purego v0.9.0/go.mod h1:iIjxzd6CiRiOG0UyXP+V1+jWqUXVjPKLAI0mRfJZTmQ=
github.com/envoyproxy/go-control-plane v0.13.4 h1:zEqyPVyku6IvWCFwux4x9RxkLOMUL+1vC9xUFv5l2/M=
github.com/envoyproxy/go-control-plane/envoy v1.32.4 h1:jb83lalDRZSpPWW2Z7Mck/8kXZ5CQAFYVjQcdVIr83A=
github.com/envoyproxy/go-control-plane/envoy v1.32.4/go.mod h1:Gzjc5k8JcJswLjAx1Zm+wSYE20UrLtt7JZMWiWQXQEw=
github.com/envoyproxy/protoc-gen-validate v1.2.1 h1:DEo3O99U8j4hBFwbJfrz9VtgcDfUKS7KJ7spH3d86P8=
github.com/envoyproxy/protoc-gen-validate v1.2.1/go.mod h1:d/C80l/jxXLdfEIhX1W2TmLfsJ31lvEjwamM4DxlWXU=
github.com/everystreet/go-proj/v6 v6.0.0 h1:yG1n6gAfiruiWwNWr8C9DNDYJ7lLZpjOY9UjhxjHlH0=
github.com/everystreet/go-proj/v6 v6.0.0/go.mod h1:db3GxiH0Ean9QUazcu/6RjCYKsymd5xFtDMSo9Z0/OQ=
github.com/felixge/httpsnoop v1.0.4 h1:NFTV2Zj1bL4mc9sqWACXbQFVBBg2W3GPvqp8/ESS2Wg=
github.com/felixge/httpsnoop v1.0.4/go.mod h1:m8KPJKqk1gH5J9DgRY2ASl2lWCfGKXixSwevea8zH2U=
github.com/getsentry/sentry-go v0.36.0 h1:UkCk0zV28PiGf+2YIONSSYiYhxwlERE5Li3JPpZqEns=
github.com/getsentry/sentry-go v0.36.0/go.mod h1:p5Im24mJBeruET8Q4bbcMfCQ+F+Iadc4L48tB1apo2c=
github.com/go-errors/errors v1.4.2 h1:J6MZopCL4uSllY1OfXM374weqZFFItUbrImctkmUxIA=
github.com/go-errors/errors v1.4.2/go.mod h1:sIVyrIiJhuEF+Pj9Ebtd6P/rEYROXFi3BopGUQ5a5Og=
github.com/go-gorp/gorp/v3 v3.1.0 h1:ItKF/Vbuj31dmV4jxA1qblpSwkl9g1typ24xoe70IGs=
github.com/go-gorp/gorp/v3 v3.1.0/go.mod h1:dLEjIyyRNiXvNZ8PSmzpt1GsWAUK8kjVhEpjH8TixEw=
github.com/go-jose/go-jose/v4 v4.1.2 h1:TK/7NqRQZfgAh+Td8AlsrvtPoUyiHh0LqVvokh+1vHI=
github.com/go-jose/go-jose/v4 v4.1.2/go.mod h1:22cg9HWM1pOlnRiY+9cQYJ9XHmya1bYW8OeDM6Ku6Oo=
github.com/go-logr/logr v1.2.2/go.mod h1:jdQByPbusPIv2/zmleS9BjJVeZ6kBagPoEUsqbVz/1A=
github.com/go-logr/logr v1.4.3 h1:CjnDlHq8ikf6E492q6eKboGOC0T8CDaOvkHCIg8idEI=
github.com/go-logr/logr v1.4.3/go.mod h1:9T104GzyrTigFIr8wt5mBrctHMim0Nb2HLGrmQ40KvY=
github.com/go-logr/stdr v1.2.2 h1:hSWxHoqTgW2S2qGc0LTAI563KZ5YKYRhT3MFKZMbjag=
github.com/go-logr/stdr v1.2.2/go.mod h1:mMo/vtBO5dYbehREoey6XUKy/eSumjCCveDpRre4VKE=
github.com/go-ole/go-ole v1.2.6/go.mod h1:pprOEPIfldk/42T2oK7lQ4v4JSDwmV0As9GaiUsvbm0=
github.com/go-ole/go-ole v1.3.0 h1:Dt6ye7+vXGIKZ7Xtk4s6/xVdGDQynvom7xCFEdWr6uE=
github.com/go-ole/go-ole v1.3.0/go.mod h1:5LS6F96DhAwUc7C+1HLexzMXY1xGRSryjyPPKW6zv78=
github.com/go-sql-driver/mysql v1.6.0 h1:BCTh4TKNUYmOmMUcQ3IipzF5prigylS7XXjEkfCHuOE=
github.com/go-sql-driver/mysql v1.6.0/go.mod h1:DCzpHaOWr8IXmIStZouvnhqoel9Qv2LBy8hT2VhHyBg=
github.com/go-viper/mapstructure/v2 v2.4.0 h1:EBsztssimR/CONLSZZ04E8qAkxNYq4Qp9LvH92wZUgs=
github.com/go-viper/mapstructure/v2 v2.4.0/go.mod h1:oJDH3BJKyqBA2TXFhDsKDGDTlndYOZ6rGS0BRZIxGhM=
github.com/goccy/go-json v0.10.5 h1:Fq85nIqj+gXn/S5ahsiTlK3TmC85qgirsdTP/+DeaC4=
github.com/goccy/go-json v0.10.5/go.mod h1:oq7eo15ShAhp70Anwd5lgX2pLfOS3QCiwU/PULtXL6M=
github.com/gogo/protobuf v1.3.2 h1:Ov1cvc58UF3b5XjBnZv7+opcTcQFZebYjWzi34vdm4Q=
github.com/gogo/protobuf v1.3.2/go.mod h1:P1XiOD3dCwIKUDQYPy72D8LYyHL2YPYrpS2s69NZV8Q=
github.com/golang/geo v0.0.0-20210211234256-740aa86cb551 h1:gtexQ/VGyN+VVFRXSFiguSNcXmS6rkKT+X7FdIrTtfo=
github.com/golang/geo v0.0.0-20210211234256-740aa86cb551/go.mod h1:QZ0nwyI2jOfgRAoBvP+ab5aRr7c9x7lhGEJrKvBwjWI=
github.com/golang/mock v1.6.0/go.mod h1:p6yTPP+5HYm5mzsMV8JkE6ZKdX+/wYM6Hr+LicevLPs=
github.com/golang/mock v1.7.0-rc.1 h1:YojYx61/OLFsiv6Rw1Z96LpldJIy31o+UHmwAUMJ6/U=
github.com/golang/mock v1.7.0-rc.1/go.mod h1:s42URUywIqd+OcERslBJvOjepvNymP31m3q8d/GkuRs=
github.com/golang/protobuf v1.5.0/go.mod h1:FsONVRAS9T7sI+LIUmWTfcYkHO4aIWwzhcaSAoJOfIk=
github.com/golang/protobuf v1.5.2/go.mod h1:XVQd3VNwM+JqD3oG2Ue2ip4fOMUkwXdXDdiuN0vRsmY=
github.com/golang/protobuf v1.5.4 h1:i7eJL8qZTpSEXOPTxNKhASYpMn+8e5Q6AdndVa1dWek=
github.com/golang/protobuf v1.5.4/go.mod h1:lnTiLA8Wa4RWRcIUkrtSVa5nRhsEGBg48fD6rSs7xps=
github.com/google/flatbuffers v25.9.23+incompatible h1:rGZKv+wOb6QPzIdkM2KxhBZCDrA0DeN6DNmRDrqIsQU=
github.com/google/flatbuffers v25.9.23+incompatible/go.mod h1:1AeVuKshWv4vARoZatz6mlQ0JxURH0Kv5+zNeJKJCa8=
github.com/google/go-cmp v0.5.3/go.mod h1:v8dTdLbMG2kIc/vJvl+f65V22dbkXbowE6jgT/gNBxE=
github.com/google/go-cmp v0.5.5/go.mod h1:v8dTdLbMG2kIc/vJvl+f65V22dbkXbowE6jgT/gNBxE=
github.com/google/go-cmp v0.7.0 h1:wk8382ETsv4JYUZwIsn6YpYiWiBsYLSJiTsyBybVuN8=
github.com/google/go-cmp v0.7.0/go.mod h1:pXiqmnSA92OHEEa9HXL2W4E7lf9JzCmGVUdgjX3N/iU=
github.com/google/gofuzz v1.0.0/go.mod h1:dBl0BpW6vV/+mYPU4Po3pmUjxk6FQPldtuIdl/M65Eg=
github.com/google/gofuzz v1.1.0/go.mod h1:dBl0BpW6vV/+mYPU4Po3pmUjxk6FQPldtuIdl/M65Eg=
github.com/google/gofuzz v1.2.0 h1:xRy4A+RhZaiKjJ1bPfwQ8sedCA+YS2YcCHW6ec7JMi0=
github.com/google/gofuzz v1.2.0/go.mod h1:dBl0BpW6vV/+mYPU4Po3pmUjxk6FQPldtuIdl/M65Eg=
github.com/google/martian/v3 v3.3.3 h1:DIhPTQrbPkgs2yJYdXU/eNACCG5DVQjySNRNlflZ9Fc=
github.com/google/martian/v3 v3.3.3/go.mod h1:iEPrYcgCF7jA9OtScMFQyAlZZ4YXTKEtJ1E6RWzmBA0=
github.com/google/pprof v0.0.0-20251007162407-5df77e3f7d1d h1:KJIErDwbSHjnp/SGzE5ed8Aol7JsKiI5X7yWKAtzhM0=
github.com/google/pprof v0.0.0-20251007162407-5df77e3f7d1d/go.mod h1:I6V7YzU0XDpsHqbsyrghnFZLO1gwK6NPTNvmetQIk9U=
github.com/google/s2a-go v0.1.9 h1:LGD7gtMgezd8a/Xak7mEWL0PjoTQFvpRudN895yqKW0=
github.com/google/s2a-go v0.1.9/go.mod h1:YA0Ei2ZQL3acow2O62kdp9UlnvMmU7kA6Eutn0dXayM=
github.com/google/uuid v1.6.0 h1:NIvaJDMOsjHA8n1jAhLSgzrAzy1Hgr+hNrb57e+94F0=
github.com/google/uuid v1.6.0/go.mod h1:TIyPZe4MgqvfeYDBFedMoGGpEw/LqOeaOT+nhxU+yHo=
github.com/googleapis/enterprise-certificate-proxy v0.3.6 h1:GW/XbdyBFQ8Qe+YAmFU9uHLo7OnF5tL52HFAgMmyrf4=
github.com/googleapis/enterprise-certificate-proxy v0.3.6/go.mod h1:MkHOF77EYAE7qfSuSS9PU6g4Nt4e11cnsDUowfwewLA=
github.com/googleapis/gax-go/v2 v2.15.0 h1:SyjDc1mGgZU5LncH8gimWo9lW1DtIfPibOG81vgd/bo=
github.com/googleapis/gax-go/v2 v2.15.0/go.mod h1:zVVkkxAQHa1RQpg9z2AUCMnKhi0Qld9rcmyfL1OZhoc=
github.com/graph-gophers/graphql-go v1.8.0 h1:NT05/H+PdH1/PONExlUycnhULYHBy98dxV63WYc0Ng8=
github.com/graph-gophers/graphql-go v1.8.0/go.mod h1:23olKZ7duEvHlF/2ELEoSZaY1aNPfShjP782SOoNTyM=
github.com/hashicorp/go-version v1.7.0 h1:5tqGy27NaOTB8yJKUZELlFAS/LTKJkrmONwQKeRZfjY=
github.com/hashicorp/go-version v1.7.0/go.mod h1:fltr4n8CU8Ke44wwGCBoEymUuxUHl09ZGVZPK5anwXA=
github.com/jbowtie/gokogiri v0.0.0-20250107075044-de0f9d4877a5 h1:tQbR4RKFBFi0+Ll69dXejKKUbQVNaOAT2fjlDvSAfx4=
github.com/jbowtie/gokogiri v0.0.0-20250107075044-de0f9d4877a5/go.mod h1:kQE2lxPgVKe0JsBZMFFfMm5zBDCuRhaHFKOBzZeCLiw=
github.com/jonboulle/clockwork v0.5.0 h1:Hyh9A8u51kptdkR+cqRpT1EebBwTn1oK9YfGYbdFz6I=
github.com/jonboulle/clockwork v0.5.0/go.mod h1:3mZlmanh0g2NDKO5TWZVJAfofYk64M7XN3SzBPjZF60=
github.com/json-iterator/go v1.1.12 h1:PV8peI4a0ysnczrg+LtxykD8LfKY9ML6u2jnxaEnrnM=
github.com/json-iterator/go v1.1.12/go.mod h1:e30LSqwooZae/UwlEbR2852Gd8hjQvJoHmT4TnhNGBo=
github.com/kisielk/errcheck v1.5.0/go.mod h1:pFxgyoBC7bSaBwPgfKdkLd5X25qrDl4LWUI2bnpBCr8=
github.com/kisielk/gotool v1.0.0/go.mod h1:XhKaO+MFFWcvkIS/tQcRk01m1F5IRFswLeQ+oQHNcck=
github.com/klauspost/compress v1.18.1 h1:bcSGx7UbpBqMChDtsF28Lw6v/G94LPrrbMbdC3JH2co=
github.com/klauspost/compress v1.18.1/go.mod h1:ZQFFVG+MdnR0P+l6wpXgIL4NTtwiKIdBnrBd8Nrxr+0=
github.com/klauspost/cpuid/v2 v2.3.0 h1:S4CRMLnYUhGeDFDqkGriYKdfoFlDnMtqTiI/sFzhA9Y=
github.com/klauspost/cpuid/v2 v2.3.0/go.mod h1:hqwkgyIinND0mEev00jJYCxPNVRVXFQeu1XKlok6oO0=
github.com/kr/pretty v0.2.1/go.mod h1:ipq/a2n7PKx3OHsz4KJII5eveXtPO4qwEXGdVfWzfnI=
github.com/kr/pretty v0.3.1 h1:flRD4NNwYAUpkphVc1HcthR4KEIFJ65n8Mw5qdRn3LE=
github.com/kr/pretty v0.3.1/go.mod h1:hoEshYVHaxMs3cyo3Yncou5ZscifuDolrwPKZanG3xk=
github.com/kr/pty v1.1.1/go.mod h1:pFQYn66WHrOpPYNljwOMqo10TkYh1fy3cYio2l3bCsQ=
github.com/kr/text v0.1.0/go.mod h1:4Jbv+DJW3UT/LiOwJeYQe1efqtUx/iVham/4vfdArNI=
github.com/kr/text v0.2.0 h1:5Nx0Ya0ZqY2ygV366QzturHI13Jq95ApcVaJBhpS+AY=
github.com/kr/text v0.2.0/go.mod h1:eLer722TekiGuMkidMxC/pM04lWEeraHUUmBw8l2grE=
github.com/lib/pq v1.10.9 h1:YXG7RB+JIjhP29X+OtkiDnYaXQwpS4JEWq7dtCCRUEw=
github.com/lib/pq v1.10.9/go.mod h1:AlVN5x4E4T544tWzH6hKfbfQvm3HdbOxrmggDNAPY9o=
github.com/lufia/plan9stats v0.0.0-20251013123823-9fd1530e3ec3 h1:PwQumkgq4/acIiZhtifTV5OUqqiP82UAl0h87xj/l9k=
github.com/lufia/plan9stats v0.0.0-20251013123823-9fd1530e3ec3/go.mod h1:autxFIvghDt3jPTLoqZ9OZ7s9qTGNAWmYCjVFWPX/zg=
github.com/mattn/go-sqlite3 v2.0.3+incompatible h1:gXHsfypPkaMZrKbD5209QV9jbUTJKjyR5WD3HYQSd+U=
github.com/mattn/go-sqlite3 v2.0.3+incompatible/go.mod h1:FPy6KqzDD04eiIsT53CuJW3U88zkxoIYsOqkbpncsNc=
github.com/modern-go/concurrent v0.0.0-20180228061459-e0a39a4cb421/go.mod h1:6dJC0mAP4ikYIbvyc7fijjWJddQyLn8Ig3JB5CqoB9Q=
github.com/modern-go/concurrent v0.0.0-20180306012644-bacd9c7ef1dd h1:TRLaZ9cD/w8PVh93nsPXa1VrQ6jlwL5oN8l14QlcNfg=
github.com/modern-go/concurrent v0.0.0-20180306012644-bacd9c7ef1dd/go.mod h1:6dJC0mAP4ikYIbvyc7fijjWJddQyLn8Ig3JB5CqoB9Q=
github.com/modern-go/reflect2 v1.0.2/go.mod h1:yWuevngMOJpCy52FWWMvUC8ws7m/LJsjYzDa0/r8luk=
github.com/modern-go/reflect2 v1.0.3-0.20250322232337-35a7c28c31ee h1:W5t00kpgFdJifH4BDsTlE89Zl93FEloxaWZfGcifgq8=
github.com/modern-go/reflect2 v1.0.3-0.20250322232337-35a7c28c31ee/go.mod h1:yWuevngMOJpCy52FWWMvUC8ws7m/LJsjYzDa0/r8luk=
github.com/open-telemetry/opentelemetry-collector-contrib/pkg/sampling v0.133.0 h1:iPei+89a2EK4LuN4HeIRzZNE6XxCyrKfBKG3BkK/ViU=
github.com/open-telemetry/opentelemetry-collector-contrib/pkg/sampling v0.133.0/go.mod h1:asV77TgnGfc7A+a9jggdsnlLlW5dnJT8RroVuf5slko=
github.com/open-telemetry/opentelemetry-collector-contrib/processor/probabilisticsamplerprocessor v0.133.0 h1:4ca2pM3+xDMB9H3UnhjAiNg7EpIydZ7HdohOexU8xb8=
github.com/open-telemetry/opentelemetry-collector-contrib/processor/probabilisticsamplerprocessor v0.133.0/go.mod h1:3N2Saf55l9vrxjbf3KCEcBjbLHDZtbN4nPcxREztpPU=
github.com/opentracing/opentracing-go v1.2.0 h1:uEJPy/1a5RIPAJ0Ov+OIO8OxWu77jEv+1B0VhjKrZUs=
github.com/opentracing/opentracing-go v1.2.0/go.mod h1:GxEUsuufX4nBwe+T+Wl9TAgYrxe9dPLANfrWvHYVTgc=
github.com/outcaste-io/ristretto v0.2.3 h1:AK4zt/fJ76kjlYObOeNwh4T3asEuaCmp26pOvUOL9w0=
github.com/outcaste-io/ristretto v0.2.3/go.mod h1:W8HywhmtlopSB1jeMg3JtdIhf+DYkLAr0VN/s4+MHac=
github.com/philhofer/fwd v1.2.0 h1:e6DnBTl7vGY+Gz322/ASL4Gyp1FspeMvx1RNDoToZuM=
github.com/philhofer/fwd v1.2.0/go.mod h1:RqIHx9QI14HlwKwm98g9Re5prTQ6LdeRQn+gXJFxsJM=
github.com/pierrec/lz4/v4 v4.1.22 h1:cKFw6uJDK+/gfw5BcDL0JL5aBsAFdsIT18eRtLj7VIU=
github.com/pierrec/lz4/v4 v4.1.22/go.mod h1:gZWDp/Ze/IJXGXf23ltt2EXimqmTUXEy0GFuRQyBid4=
github.com/pingcap/errors v0.11.4 h1:lFuQV/oaUMGcD2tqt+01ROSmJs75VG1ToEOkZIZ4nE4=
github.com/pingcap/errors v0.11.4/go.mod h1:Oi8TUi2kEtXXLMJk9l1cGmz20kV3TaQ0usTwv5KuLY8=
github.com/pkg/errors v0.9.1 h1:FEBLx1zS214owpjy7qsBeixbURkuhQAwrK5UwLGTwt4=
github.com/pkg/errors v0.9.1/go.mod h1:bwawxfHBFNV+L2hUp1rHADufV3IMtnDRdf1r5NINEl0=
github.com/planetscale/vtprotobuf v0.6.1-0.20240319094008-0393e58bdf10 h1:GFCKgmp0tecUJ0sJuv4pzYCqS9+RGSn52M3FUwPs+uo=
github.com/planetscale/vtprotobuf v0.6.1-0.20240319094008-0393e58bdf10/go.mod h1:t/avpk3KcrXxUnYOhZhMXJlSEyie6gQbtLq5NM3loB8=
github.com/pmezard/go-difflib v1.0.0/go.mod h1:iKH77koFhYxTK1pcRnkKkqfTogsbg7gZNVY4sRDYZ/4=
github.com/pmezard/go-difflib v1.0.1-0.20181226105442-5d4384ee4fb2 h1:Jamvg5psRIccs7FGNTlIRMkT8wgtp5eCXdBlqhYGL6U=
github.com/pmezard/go-difflib v1.0.1-0.20181226105442-5d4384ee4fb2/go.mod h1:iKH77koFhYxTK1pcRnkKkqfTogsbg7gZNVY4sRDYZ/4=
github.com/power-devops/perfstat v0.0.0-20240221224432-82ca36839d55 h1:o4JXh1EVt9k/+g42oCprj/FisM4qX9L3sZB3upGN2ZU=
github.com/power-devops/perfstat v0.0.0-20240221224432-82ca36839d55/go.mod h1:OmDBASR4679mdNQnz2pUhc2G8CO2JrUAVFDRBDP/hJE=
github.com/poy/onpar v1.1.2 h1:QaNrNiZx0+Nar5dLgTVp5mXkyoVFIbepjyEoGSnhbAY=
github.com/poy/onpar v1.1.2/go.mod h1:6X8FLNoxyr9kkmnlqpK6LSoiOtrO6MICtWwEuWkLjzg=
github.com/puzpuzpuz/xsync/v3 v3.5.1 h1:GJYJZwO6IdxN/IKbneznS6yPkVC+c3zyY/j19c++5Fg=
github.com/puzpuzpuz/xsync/v3 v3.5.1/go.mod h1:VjzYrABPabuM4KyBh1Ftq6u8nhwY5tBPKP9jpmh0nnA=
github.com/remyoudompheng/bigfft v0.0.0-20170806203942-52369c62f446/go.mod h1:uYEyJGbgTkfkS4+E/PavXkNJcbFIpEtjt2B0KDQ5+9M=
github.com/remyoudompheng/bigfft v0.0.0-20200410134404-eec4a21b6bb0/go.mod h1:qqbHyh8v60DhA7CoWK5oRCqLrMHRGoxYCSS9EjAz6Eo=
github.com/richardartoul/molecule v1.0.1-0.20240531184615-7ca0df43c0b3 h1:4+LEVOB87y175cLJC/mbsgKmoDOjrBldtXvioEy96WY=
github.com/richardartoul/molecule v1.0.1-0.20240531184615-7ca0df43c0b3/go.mod h1:vl5+MqJ1nBINuSsUI2mGgH79UweUT/B5Fy8857PqyyI=
github.com/rogpeppe/go-internal v1.14.1 h1:UQB4HGPB6osV0SQTLymcB4TgvyWu6ZyliaW0tI/otEQ=
github.com/rogpeppe/go-internal v1.14.1/go.mod h1:MaRKkUm5W0goXpeCfT7UZI6fk/L7L7so1lCWt35ZSgc=
github.com/rubenv/sql-migrate v1.8.0 h1:dXnYiJk9k3wetp7GfQbKJcPHjVJL6YK19tKj8t2Ns0o=
github.com/rubenv/sql-migrate v1.8.0/go.mod h1:F2bGFBwCU+pnmbtNYDeKvSuvL6lBVtXDXUUv5t+u1qw=
github.com/satori/uuid v1.2.0 h1:6TFY4nxn5XwBx0gDfzbEMCNT6k4N/4FNIuN8RACZ0KI=
github.com/satori/uuid v1.2.0/go.mod h1:B8HLsPLik/YNn6KKWVMDJ8nzCL8RP5WyfsnmvnAEwIU=
github.com/secure-systems-lab/go-securesystemslib v0.9.1 h1:nZZaNz4DiERIQguNy0cL5qTdn9lR8XKHf4RUyG1Sx3g=
github.com/secure-systems-lab/go-securesystemslib v0.9.1/go.mod h1:np53YzT0zXGMv6x4iEWc9Z59uR+x+ndLwCLqPYpLXVU=
github.com/shirou/gopsutil/v4 v4.25.9 h1:JImNpf6gCVhKgZhtaAHJ0serfFGtlfIlSC08eaKdTrU=
github.com/shirou/gopsutil/v4 v4.25.9/go.mod h1:gxIxoC+7nQRwUl/xNhutXlD8lq+jxTgpIkEf3rADHL8=
github.com/sirupsen/logrus v1.7.0/go.mod h1:yWOB1SBYBC5VeMP7gHvWumXLIWorT60ONWic61uBYv0=
github.com/spaolacci/murmur3 v1.1.0 h1:7c1g84S4BPRrfL5Xrdp6fOJ206sU9y293DDHaoy0bLI=
github.com/spaolacci/murmur3 v1.1.0/go.mod h1:JwIasOWyU6f++ZhiEuf87xNszmSA2myDM2Kzu9HwQUA=
github.com/spiffe/go-spiffe/v2 v2.5.0 h1:N2I01KCUkv1FAjZXJMwh95KK1ZIQLYbPfhaxw8WS0hE=
github.com/spiffe/go-spiffe/v2 v2.5.0/go.mod h1:P+NxobPc6wXhVtINNtFjNWGBTreew1GBUCwT2wPmb7g=
github.com/stretchr/objx v0.1.0/go.mod h1:HFkY916IF+rwdDfMAkV7OtwuqBVzrE8GR6GFx+wExME=
github.com/stretchr/objx v0.4.0/go.mod h1:YvHI0jy2hoMjB+UWwv71VJQ9isScKT/TqJzVSSt89Yw=
github.com/stretchr/objx v0.5.0/go.mod h1:Yh+to48EsGEfYuaHDzXPcE3xhTkx73EhmCGUpEOglKo=
github.com/stretchr/objx v0.5.2 h1:xuMeJ0Sdp5ZMRXx/aWO6RZxdr3beISkG5/G/aIRr3pY=
github.com/stretchr/objx v0.5.2/go.mod h1:FRsXN1f5AsAjCGJKqEizvkpNtU+EGNCLh3NxZ/8L+MA=
github.com/stretchr/testify v1.2.2/go.mod h1:a8OnRcib4nhh0OaRAV+Yts87kKdq0PP7pXfy6kDkUVs=
github.com/stretchr/testify v1.3.0/go.mod h1:M5WIy9Dh21IEIfnGCwXGc5bZfKNJtfHm1UVUgZn+9EI=
github.com/stretchr/testify v1.5.1/go.mod h1:5W2xD1RspED5o8YsWQXVCued0rvSQ+mT+I5cxcmMvtA=
github.com/stretchr/testify v1.6.1/go.mod h1:6Fq8oRcR53rry900zMqJjRRixrwX3KX962/h/Wwjteg=
github.com/stretchr/testify v1.7.0/go.mod h1:6Fq8oRcR53rry900zMqJjRRixrwX3KX962/h/Wwjteg=
github.com/stretchr/testify v1.7.1/go.mod h1:6Fq8oRcR53rry900zMqJjRRixrwX3KX962/h/Wwjteg=
github.com/stretchr/testify v1.8.0/go.mod h1:yNjHg4UonilssWZ8iaSj1OCr/vHnekPRkoO+kdMU+MU=
github.com/stretchr/testify v1.8.1/go.mod h1:w2LPCIKwWwSfY2zedu0+kehJoqGctiVI29o6fzry7u4=
github.com/stretchr/testify v1.11.1 h1:7s2iGBzp5EwR7/aIZr8ao5+dra3wiQyKjjFuvgVKu7U=
github.com/stretchr/testify v1.11.1/go.mod h1:wZwfW3scLgRK+23gO65QZefKpKQRnfz6sD981Nm4B6U=
github.com/sym01/htmlsanitizer v1.1.0 h1:Q0NEwQmWTlC0st3rmbElEEaO5rM4LOuYnWtBT5pj5Ec=
github.com/sym01/htmlsanitizer v1.1.0/go.mod h1:zazTkJ727MJTDrNcWDaOLlAgGMcsDNG94LJi6vYl6Ug=
github.com/theckman/httpforwarded v0.4.0 h1:N55vGJT+6ojTnLY3LQCNliJC4TW0P0Pkeys1G1WpX2w=
github.com/theckman/httpforwarded v0.4.0/go.mod h1:GVkFynv6FJreNbgH/bpOU9ITDZ7a5WuzdNCtIMI1pVI=
github.com/tinylib/msgp v1.4.0 h1:SYOeDRiydzOw9kSiwdYp9UcBgPFtLU2WDHaJXyHruf8=
github.com/tinylib/msgp v1.4.0/go.mod h1:cvjFkb4RiC8qSBOPMGPSzSAx47nAsfhLVTCZZNuHv5o=
github.com/tj/go-spin v1.1.0/go.mod h1:Mg1mzmePZm4dva8Qz60H2lHwmJ2loum4VIrLgVnKwh4=
github.com/tklauser/go-sysconf v0.3.15 h1:VE89k0criAymJ/Os65CSn1IXaol+1wrsFHEB8Ol49K4=
github.com/tklauser/go-sysconf v0.3.15/go.mod h1:Dmjwr6tYFIseJw7a3dRLJfsHAMXZ3nEnL/aZY+0IuI4=
github.com/tklauser/numcpus v0.10.0 h1:18njr6LDBk1zuna922MgdjQuJFjrdppsZG60sHGfjso=
github.com/tklauser/numcpus v0.10.0/go.mod h1:BiTKazU708GQTYF4mB+cmlpT2Is1gLk7XVuEeem8LsQ=
github.com/vmihailenco/msgpack/v4 v4.3.13 h1:A2wsiTbvp63ilDaWmsk2wjx6xZdxQOvpiNlKBGKKXKI=
github.com/vmihailenco/msgpack/v4 v4.3.13/go.mod h1:gborTTJjAo/GWTqqRjrLCn9pgNN+NXzzngzBKDPIqw4=
github.com/vmihailenco/tagparser v0.1.2 h1:gnjoVuB/kljJ5wICEEOpx98oXMWPLj22G67Vbd1qPqc=
github.com/vmihailenco/tagparser v0.1.2/go.mod h1:OeAg3pn3UbLjkWt+rN9oFYB6u/cQgqMEUPoW2WPyhdI=
github.com/wroge/wgs84 v1.1.7 h1:8WVUUrpjysYxrn0ssWX7z90SOUKCuHt9NQ5tg9ovjIY=
github.com/wroge/wgs84 v1.1.7/go.mod h1:mc1F8ubW03DO4zaf/006cmhaiMlfvbKmqVAcPuAtsNA=
github.com/xlab/c-for-go v0.0.0-20201223145653-3ba5db515dcb/go.mod h1:pbNsDSxn1ICiNn9Ct4ZGNrwzfkkwYbx/lw8VuyutFIg=
github.com/xlab/pkgconfig v0.0.0-20170226114623-cea12a0fd245/go.mod h1:C+diUUz7pxhNY6KAoLgrTYARGWnt82zWTylZlxT92vk=
github.com/yuin/goldmark v1.1.27/go.mod h1:3hX8gzYuyVAZsxl0MRgGTJEmQBFcNTphYh9decYSb74=
github.com/yuin/goldmark v1.1.32/go.mod h1:3hX8gzYuyVAZsxl0MRgGTJEmQBFcNTphYh9decYSb74=
github.com/yuin/goldmark v1.2.1/go.mod h1:3hX8gzYuyVAZsxl0MRgGTJEmQBFcNTphYh9decYSb74=
github.com/yuin/goldmark v1.3.5/go.mod h1:mwnBkeHKe2W/ZEtQ+71ViKU8L12m81fl3OWwC1Zlc8k=
github.com/yusufpapurcu/wmi v1.2.4 h1:zFUKzehAFReQwLys1b/iSMl+JQGSCSjtVqQn9bBrPo0=
github.com/yusufpapurcu/wmi v1.2.4/go.mod h1:SBZ9tNy3G9/m5Oi98Zks0QjeHVDvuK0qfxQmPyzfmi0=
github.com/zeebo/assert v1.3.0 h1:g7C04CbJuIDKNPFHmsk4hwZDO5O+kntRxzaUoNXj+IQ=
github.com/zeebo/assert v1.3.0/go.mod h1:Pq9JiuJQpG8JLJdtkwrJESF0Foym2/D9XMU5ciN/wJ0=
github.com/zeebo/errs v1.4.0 h1:XNdoD/RRMKP7HD0UhJnIzUy74ISdGGxURlYG8HSWSfM=
github.com/zeebo/errs v1.4.0/go.mod h1:sgbWHsvVuTPHcqJJGQ1WhI5KbWlHYz+2+2C/LSEtCw4=
github.com/zeebo/xxh3 v1.0.2 h1:xZmwmqxHZA8AI603jOQ0tMqmBr9lPeFwGg6d+xy9DC0=
github.com/zeebo/xxh3 v1.0.2/go.mod h1:5NWz9Sef7zIDm2JHfFlcQvNekmcEl9ekUZQQKCYaDcA=
github.com/ziutek/mymysql v1.5.4 h1:GB0qdRGsTwQSBVYuVShFBKaXSnSnYYC2d9knnE1LHFs=
github.com/ziutek/mymysql v1.5.4/go.mod h1:LMSpPZ6DbqWFxNCHW77HeMg9I646SAhApZ/wKdgO/C0=
go.opentelemetry.io/auto/sdk v1.2.1 h1:jXsnJ4Lmnqd11kwkBV2LgLoFMZKizbCi5fNZ/ipaZ64=
go.opentelemetry.io/auto/sdk v1.2.1/go.mod h1:KRTj+aOaElaLi+wW1kO/DZRXwkF4C5xPbEe3ZiIhN7Y=
go.opentelemetry.io/collector/component v1.44.0 h1:SX5UO/gSDm+1zyvHVRFgpf8J1WP6U3y/SLUXiVEghbE=
go.opentelemetry.io/collector/component v1.44.0/go.mod h1:geKbCTNoQfu55tOPiDuxLzNZsoO9//HRRg10/8WusWk=
go.opentelemetry.io/collector/component/componentstatus v0.133.0 h1:fIcFKg+yPhpvOJKeMph9TtSC4DIGdIuNmxvUB0UGcoc=
go.opentelemetry.io/collector/component/componentstatus v0.133.0/go.mod h1:biQWms9cgXSZu3nb92Z0bA9uHh9lEhgmQ8CF4HLmu8Y=
go.opentelemetry.io/collector/component/componenttest v0.133.0 h1:mg54QqXC+GNqLHa9y6Efh3X5Di4XivjgJr6mzvfVQR8=
go.opentelemetry.io/collector/component/componenttest v0.133.0/go.mod h1:E+oqRK03WjG/b1aX1pd0CfTKh12MPTKbEBaBROp4w0M=
go.opentelemetry.io/collector/consumer v1.39.0 h1:Jc6la3uacHbznX5ORmh16Nddh23ZxBzoiNF2L0wD2Ks=
go.opentelemetry.io/collector/consumer v1.39.0/go.mod h1:tW2BXyntjvlKrRc+mwistt1KuC/b4mTfTkc8zWjeeRY=
go.opentelemetry.io/collector/consumer/consumertest v0.133.0 h1:MteqaGpgmHVHFqnB7A2voGleA2j51qJyVfX5x/wm+8I=
go.opentelemetry.io/collector/consumer/consumertest v0.133.0/go.mod h1:vHGknLn/RRUcMQuuBDt+SgrpDN46DBJyqRnWXm3gLwY=
go.opentelemetry.io/collector/consumer/xconsumer v0.133.0 h1:Xx4Yna/We4qDlbAla1nfxgkvujzWRuR8bqqwsLLvYSg=
go.opentelemetry.io/collector/consumer/xconsumer v0.133.0/go.mod h1:he874Md/0uAS2Fs+TDHAy10OBLRSw8233LdREizVvG4=
go.opentelemetry.io/collector/featuregate v1.44.0 h1:/GeGhTD8f+FNWS7C4w1Dj0Ui9Jp4v2WAdlXyW1p3uG8=
go.opentelemetry.io/collector/featuregate v1.44.0/go.mod h1:d0tiRzVYrytB6LkcYgz2ESFTv7OktRPQe0QEQcPt1L4=
go.opentelemetry.io/collector/internal/telemetry v0.138.0 h1:xHHYlPh1vVvr+ip0ct288l1joc4bsEeHh0rcY3WVXJo=
go.opentelemetry.io/collector/internal/telemetry v0.138.0/go.mod h1:evqf71fdIMXdQEofbs1bVnBUzfF6zysLMLR9bEAS9Xw=
go.opentelemetry.io/collector/pdata v1.44.0 h1:q/EfWDDKrSaf4hjTIzyPeg1ZcCRg1Uj7VTFnGfNVdk8=
go.opentelemetry.io/collector/pdata v1.44.0/go.mod h1:LnsjYysFc3AwMVh6KGNlkGKJUF2ReuWxtD9Hb3lSMZk=
go.opentelemetry.io/collector/pdata/pprofile v0.133.0 h1:ewFYqV2FU4D0ixTdkJueaI2JGCoeiIJisX8EdHejDi8=
go.opentelemetry.io/collector/pdata/pprofile v0.133.0/go.mod h1:5l4/B0iCxzoVkA7eOLzIHV0AUEO2IKypTHTLq9JKsHs=
go.opentelemetry.io/collector/pdata/testdata v0.133.0 h1:K0q47qecWVJf0sWbeWfifbJ72TiqR+A2PCsMkCEKvus=
go.opentelemetry.io/collector/pdata/testdata v0.133.0/go.mod h1:/emFpIox/mi7FucvsSn54KsiMh/iy7BUviqgURNVT6U=
go.opentelemetry.io/collector/pipeline v1.44.0 h1:EFdFBg3Wm2BlMtQbUeork5a4KFpS6haInSr+u/dk8rg=
go.opentelemetry.io/collector/pipeline v1.44.0/go.mod h1:xUrAqiebzYbrgxyoXSkk6/Y3oi5Sy3im2iCA51LwUAI=
go.opentelemetry.io/collector/processor v1.39.0 h1:QwPJxJnFZwojo09Vfnvph7A27TauxxvA1koO6nr87O8=
go.opentelemetry.io/collector/processor v1.39.0/go.mod h1:WQWZqKmrlJcLjirnQOULxYgWV6h5oxK6FQNiFgw53i8=
go.opentelemetry.io/collector/processor/processorhelper v0.133.0 h1:3w/wvSmzyCvyNXjUQihH/VLQ+Tnzn3MlQNbv1AEoXiU=
go.opentelemetry.io/collector/processor/processorhelper v0.133.0/go.mod h1:lTlC8tGOBqkpdwGXCmaDnWXc2jqIrRUKvV7eK26Thc4=
go.opentelemetry.io/collector/processor/processortest v0.133.0 h1:PAuOr8Pwj/LAuey2LW1fix0vvnE+WwGpSF7bghaxjEE=
go.opentelemetry.io/collector/processor/processortest v0.133.0/go.mod h1:fEhWs9DCe431+iFke1WmlxqjcRDN25GLRXdktKAPyw8=
go.opentelemetry.io/collector/processor/xprocessor v0.133.0 h1:V5YMrXUgClh3awWOdigGXHxvq/Ira2wLDj4DJLqB+Eo=
go.opentelemetry.io/collector/processor/xprocessor v0.133.0/go.mod h1:5gDFI+pGIzoFQeBUM4QZ4E0B+SaU0e+2V7Td+ONoU4M=
go.opentelemetry.io/contrib/bridges/otelzap v0.13.0 h1:aBKdhLVieqvwWe9A79UHI/0vgp2t/s2euY8X59pGRlw=
go.opentelemetry.io/contrib/bridges/otelzap v0.13.0/go.mod h1:SYqtxLQE7iINgh6WFuVi2AI70148B8EI35DSk0Wr8m4=
go.opentelemetry.io/contrib/detectors/gcp v1.36.0 h1:F7q2tNlCaHY9nMKHR6XH9/qkp8FktLnIcy6jJNyOCQw=
go.opentelemetry.io/contrib/detectors/gcp v1.36.0/go.mod h1:IbBN8uAIIx734PTonTPxAxnjc2pQTxWNkwfstZ+6H2k=
go.opentelemetry.io/contrib/instrumentation/google.golang.org/grpc/otelgrpc v0.63.0 h1:YH4g8lQroajqUwWbq/tr2QX1JFmEXaDLgG+ew9bLMWo=
go.opentelemetry.io/contrib/instrumentation/google.golang.org/grpc/otelgrpc v0.63.0/go.mod h1:fvPi2qXDqFs8M4B4fmJhE92TyQs9Ydjlg3RvfUp+NbQ=
go.opentelemetry.io/contrib/instrumentation/net/http/otelhttp v0.63.0 h1:RbKq8BG0FI8OiXhBfcRtqqHcZcka+gU3cskNuf05R18=
go.opentelemetry.io/contrib/instrumentation/net/http/otelhttp v0.63.0/go.mod h1:h06DGIukJOevXaj/xrNjhi/2098RZzcLTbc0jDAUbsg=
go.opentelemetry.io/otel v1.38.0 h1:RkfdswUDRimDg0m2Az18RKOsnI8UDzppJAtj01/Ymk8=
go.opentelemetry.io/otel v1.38.0/go.mod h1:zcmtmQ1+YmQM9wrNsTGV/q/uyusom3P8RxwExxkZhjM=
go.opentelemetry.io/otel/log v0.14.0 h1:2rzJ+pOAZ8qmZ3DDHg73NEKzSZkhkGIua9gXtxNGgrM=
go.opentelemetry.io/otel/log v0.14.0/go.mod h1:5jRG92fEAgx0SU/vFPxmJvhIuDU9E1SUnEQrMlJpOno=
go.opentelemetry.io/otel/log/logtest v0.14.0 h1:BGTqNeluJDK2uIHAY8lRqxjVAYfqgcaTbVk1n3MWe5A=
go.opentelemetry.io/otel/log/logtest v0.14.0/go.mod h1:IuguGt8XVP4XA4d2oEEDMVDBBCesMg8/tSGWDjuKfoA=
go.opentelemetry.io/otel/metric v1.38.0 h1:Kl6lzIYGAh5M159u9NgiRkmoMKjvbsKtYRwgfrA6WpA=
go.opentelemetry.io/otel/metric v1.38.0/go.mod h1:kB5n/QoRM8YwmUahxvI3bO34eVtQf2i4utNVLr9gEmI=
go.opentelemetry.io/otel/sdk v1.38.0 h1:l48sr5YbNf2hpCUj/FoGhW9yDkl+Ma+LrVl8qaM5b+E=
go.opentelemetry.io/otel/sdk v1.38.0/go.mod h1:ghmNdGlVemJI3+ZB5iDEuk4bWA3GkTpW+DOoZMYBVVg=
go.opentelemetry.io/otel/sdk/metric v1.38.0 h1:aSH66iL0aZqo//xXzQLYozmWrXxyFkBJ6qT5wthqPoM=
go.opentelemetry.io/otel/sdk/metric v1.38.0/go.mod h1:dg9PBnW9XdQ1Hd6ZnRz689CbtrUp0wMMs9iPcgT9EZA=
go.opentelemetry.io/otel/trace v1.38.0 h1:Fxk5bKrDZJUH+AMyyIXGcFAPah0oRcT+LuNtJrmcNLE=
go.opentelemetry.io/otel/trace v1.38.0/go.mod h1:j1P9ivuFsTceSWe1oY+EeW3sc+Pp42sO++GHkg4wwhs=
go.opentelemetry.io/proto/slim/otlp v1.8.0 h1:afcLwp2XOeCbGrjufT1qWyruFt+6C9g5SOuymrSPUXQ=
go.opentelemetry.io/proto/slim/otlp v1.8.0/go.mod h1:Yaa5fjYm1SMCq0hG0x/87wV1MP9H5xDuG/1+AhvBcsI=
go.opentelemetry.io/proto/slim/otlp/collector/profiles/v1development v0.1.0 h1:Uc+elixz922LHx5colXGi1ORbsW8DTIGM+gg+D9V7HE=
go.opentelemetry.io/proto/slim/otlp/collector/profiles/v1development v0.1.0/go.mod h1:VyU6dTWBWv6h9w/+DYgSZAPMabWbPTFTuxp25sM8+s0=
go.opentelemetry.io/proto/slim/otlp/profiles/v1development v0.1.0 h1:i8YpvWGm/Uq1koL//bnbJ/26eV3OrKWm09+rDYo7keU=
go.opentelemetry.io/proto/slim/otlp/profiles/v1development v0.1.0/go.mod h1:pQ70xHY/ZVxNUBPn+qUWPl8nwai87eWdqL3M37lNi9A=
go.uber.org/atomic v1.9.0/go.mod h1:fEN4uk6kAWBTFdckzkM89CLk9XfWZrxpCo0nPH17wJc=
go.uber.org/atomic v1.11.0 h1:ZvwS0R+56ePWxUNi+Atn9dWONBPp/AUETXlHW0DxSjE=
go.uber.org/atomic v1.11.0/go.mod h1:LUxbIzbOniOlMKjJjyPfpl4v+PKK2cNJn91OQbhoJI0=
go.uber.org/goleak v1.3.0 h1:2K3zAYmnTNqV73imy9J1T3WC+gmCePx2hEGkimedGto=
go.uber.org/goleak v1.3.0/go.mod h1:CoHD4mav9JJNrW/WLlf7HGZPjdw8EucARQHekz1X6bE=
go.uber.org/multierr v1.11.0 h1:blXXJkSxSSfBVBlC76pxqeO+LN3aDfLQo+309xJstO0=
go.uber.org/multierr v1.11.0/go.mod h1:20+QtiLqy0Nd6FdQB9TLXag12DsQkrbs3htMFfDN80Y=
go.uber.org/zap v1.27.0 h1:aJMhYGrd5QSmlpLMr2MftRKl7t8J8PTZPA732ud/XR8=
go.uber.org/zap v1.27.0/go.mod h1:GB2qFLM7cTU87MWRP2mPIjqfIDnGu+VIO4V/SdhGo2E=
golang.org/x/crypto v0.0.0-20190308221718-c2843e01d9a2/go.mod h1:djNgcEr1/C05ACkg1iLfiJU5Ep61QUkGW8qpdssI0+w=
golang.org/x/crypto v0.0.0-20191011191535-87dc89f01550/go.mod h1:yigFU9vqHzYiE8UmvKecakEJjdnWj3jj499lnFckfCI=
golang.org/x/crypto v0.0.0-20200622213623-75b288015ac9/go.mod h1:LzIPMQfyMNhhGPhUkYOs5KpL4U8rLKemX1yGLhDgUto=
golang.org/x/crypto v0.43.0 h1:dduJYIi3A3KOfdGOHX8AVZ/jGiyPa3IbBozJ5kNuE04=
golang.org/x/crypto v0.43.0/go.mod h1:BFbav4mRNlXJL4wNeejLpWxB7wMbc79PdRGhWKncxR0=
golang.org/x/exp v0.0.0-20181106170214-d68db9428509/go.mod h1:CJ0aWSM057203Lf6IL+f9T1iT9GByDxfZKAQTCR3kQA=
golang.org/x/exp v0.0.0-20251017212417-90e834f514db h1:by6IehL4BH5k3e3SJmcoNbOobMey2SLpAF79iPOEBvw=
golang.org/x/exp v0.0.0-20251017212417-90e834f514db/go.mod h1:j/pmGrbnkbPtQfxEe5D0VQhZC6qKbfKifgD0oM7sR70=
golang.org/x/mod v0.2.0/go.mod h1:s0Qsj1ACt9ePp/hMypM3fl4fZqREWJwdYDEqhRiZZUA=
golang.org/x/mod v0.3.0/go.mod h1:s0Qsj1ACt9ePp/hMypM3fl4fZqREWJwdYDEqhRiZZUA=
golang.org/x/mod v0.4.2/go.mod h1:s0Qsj1ACt9ePp/hMypM3fl4fZqREWJwdYDEqhRiZZUA=
golang.org/x/mod v0.29.0 h1:HV8lRxZC4l2cr3Zq1LvtOsi/ThTgWnUk/y64QSs8GwA=
golang.org/x/mod v0.29.0/go.mod h1:NyhrlYXJ2H4eJiRy/WDBO6HMqZQ6q9nk4JzS3NuCK+w=
golang.org/x/net v0.0.0-20190404232315-eb5bcb51f2a3/go.mod h1:t9HGtf8HONx5eT2rtn7q6eTqICYqUVnKs3thJo3Qplg=
golang.org/x/net v0.0.0-20190620200207-3b0461eec859/go.mod h1:z5CRVTTTmAJ677TzLLGU+0bjPO0LkuOLi4/5GtJWs/s=
golang.org/x/net v0.0.0-20200226121028-0de0cce0169b/go.mod h1:z5CRVTTTmAJ677TzLLGU+0bjPO0LkuOLi4/5GtJWs/s=
golang.org/x/net v0.0.0-20200625001655-4c5254603344/go.mod h1:/O7V0waA8r7cgGh81Ro3o1hOxt32SMVPicZroKQ2sZA=
golang.org/x/net v0.0.0-20201021035429-f5854403a974/go.mod h1:sp8m0HH+o8qH0wwXwYZr8TS3Oi6o0r6Gce1SSxlDquU=
golang.org/x/net v0.0.0-20210405180319-a5a99cb37ef4/go.mod h1:p54w0d4576C0XHj96bSt6lcn1PtDYWL6XObtHCRCNQM=
golang.org/x/net v0.46.0 h1:giFlY12I07fugqwPuWJi68oOnpfqFnJIJzaIIm2JVV4=
golang.org/x/net v0.46.0/go.mod h1:Q9BGdFy1y4nkUwiLvT5qtyhAnEHgnQ/zd8PfU6nc210=
golang.org/x/oauth2 v0.32.0 h1:jsCblLleRMDrxMN29H3z/k1KliIvpLgCkE6R8FXXNgY=
golang.org/x/oauth2 v0.32.0/go.mod h1:lzm5WQJQwKZ3nwavOZ3IS5Aulzxi68dUSgRHujetwEA=
golang.org/x/sync v0.0.0-20190423024810-112230192c58/go.mod h1:RxMgew5VJxzue5/jJTE5uejpjVlOe/izrB70Jof72aM=
golang.org/x/sync v0.0.0-20190911185100-cd5d95a43a6e/go.mod h1:RxMgew5VJxzue5/jJTE5uejpjVlOe/izrB70Jof72aM=
golang.org/x/sync v0.0.0-20200625203802-6e8e738ad208/go.mod h1:RxMgew5VJxzue5/jJTE5uejpjVlOe/izrB70Jof72aM=
golang.org/x/sync v0.0.0-20201020160332-67f06af15bc9/go.mod h1:RxMgew5VJxzue5/jJTE5uejpjVlOe/izrB70Jof72aM=
golang.org/x/sync v0.0.0-20210220032951-036812b2e83c/go.mod h1:RxMgew5VJxzue5/jJTE5uejpjVlOe/izrB70Jof72aM=
golang.org/x/sync v0.17.0 h1:l60nONMj9l5drqw6jlhIELNv9I0A4OFgRsG9k2oT9Ug=
golang.org/x/sync v0.17.0/go.mod h1:9KTHXmSnoGruLpwFjVSX0lNNA75CykiMECbovNTZqGI=
golang.org/x/sys v0.0.0-20190215142949-d0b11bdaac8a/go.mod h1:STP8DvDyc/dI5b8T5hshtkjS+E42TnysNCUPdjciGhY=
golang.org/x/sys v0.0.0-20190412213103-97732733099d/go.mod h1:h1NjWce9XRLGQEsW7wpKNCjG9DtNlClVuFLEZdDNbEs=
golang.org/x/sys v0.0.0-20190916202348-b4ddaad3f8a3/go.mod h1:h1NjWce9XRLGQEsW7wpKNCjG9DtNlClVuFLEZdDNbEs=
golang.org/x/sys v0.0.0-20191026070338-33540a1f6037/go.mod h1:h1NjWce9XRLGQEsW7wpKNCjG9DtNlClVuFLEZdDNbEs=
golang.org/x/sys v0.0.0-20200323222414-85ca7c5b95cd/go.mod h1:h1NjWce9XRLGQEsW7wpKNCjG9DtNlClVuFLEZdDNbEs=
golang.org/x/sys v0.0.0-20200930185726-fdedc70b468f/go.mod h1:h1NjWce9XRLGQEsW7wpKNCjG9DtNlClVuFLEZdDNbEs=
golang.org/x/sys v0.0.0-20201119102817-f84b799fce68/go.mod h1:h1NjWce9XRLGQEsW7wpKNCjG9DtNlClVuFLEZdDNbEs=
golang.org/x/sys v0.0.0-20201204225414-ed752295db88/go.mod h1:h1NjWce9XRLGQEsW7wpKNCjG9DtNlClVuFLEZdDNbEs=
golang.org/x/sys v0.0.0-20210119212857-b64e53b001e4/go.mod h1:h1NjWce9XRLGQEsW7wpKNCjG9DtNlClVuFLEZdDNbEs=
golang.org/x/sys v0.0.0-20210124154548-22da62e12c0c/go.mod h1:h1NjWce9XRLGQEsW7wpKNCjG9DtNlClVuFLEZdDNbEs=
golang.org/x/sys v0.0.0-20210330210617-4fbd30eecc44/go.mod h1:h1NjWce9XRLGQEsW7wpKNCjG9DtNlClVuFLEZdDNbEs=
golang.org/x/sys v0.0.0-20210426230700-d19ff857e887/go.mod h1:h1NjWce9XRLGQEsW7wpKNCjG9DtNlClVuFLEZdDNbEs=
golang.org/x/sys v0.0.0-20210510120138-977fb7262007/go.mod h1:oPkhp1MJrh7nUepCBck5+mAzfO9JrbApNNgaTdGDITg=
golang.org/x/sys v0.0.0-20220627191245-f75cf1eec38b/go.mod h1:oPkhp1MJrh7nUepCBck5+mAzfO9JrbApNNgaTdGDITg=
golang.org/x/sys v0.1.0/go.mod h1:oPkhp1MJrh7nUepCBck5+mAzfO9JrbApNNgaTdGDITg=
golang.org/x/sys v0.37.0 h1:fdNQudmxPjkdUTPnLn5mdQv7Zwvbvpaxqs831goi9kQ=
golang.org/x/sys v0.37.0/go.mod h1:OgkHotnGiDImocRcuBABYBEXf8A9a87e/uXjp9XT3ks=
golang.org/x/telemetry v0.0.0-20251014153721-24f779f6aaef h1:5xFtU4tmJMJSxSeDlr1dgBff2tDXrq0laLdS1EA3LYw=
golang.org/x/telemetry v0.0.0-20251014153721-24f779f6aaef/go.mod h1:Pi4ztBfryZoJEkyFTI5/Ocsu2jXyDr6iSdgJiYE/uwE=
golang.org/x/term v0.0.0-20201126162022-7de9c90e9dd1/go.mod h1:bj7SfCRtBDWHUb9snDiAeCFNEtKQo2Wmx5Cou7ajbmo=
golang.org/x/text v0.3.0/go.mod h1:NqM8EUOU14njkJ3fqMW+pc6Ldnwhi/IjpwHt7yyuwOQ=
golang.org/x/text v0.3.3/go.mod h1:5Zoc/QRtKVWzQhOtBMvqHzDpF6irO9z98xDceosuGiQ=
golang.org/x/text v0.30.0 h1:yznKA/E9zq54KzlzBEAWn1NXSQ8DIp/NYMy88xJjl4k=
golang.org/x/text v0.30.0/go.mod h1:yDdHFIX9t+tORqspjENWgzaCVXgk0yYnYuSZ8UzzBVM=
golang.org/x/time v0.14.0 h1:MRx4UaLrDotUKUdCIqzPC48t1Y9hANFKIRpNx+Te8PI=
golang.org/x/time v0.14.0/go.mod h1:eL/Oa2bBBK0TkX57Fyni+NgnyQQN4LitPmob2Hjnqw4=
golang.org/x/tools v0.0.0-20180917221912-90fa682c2a6e/go.mod h1:n7NCudcB/nEzxVGmLbDWY5pfWTLqBcC2KZ6jyYvM4mQ=
golang.org/x/tools v0.0.0-20191119224855-298f0cb1881e/go.mod h1:b+2E5dAYhXwXZwtnZ6UAqBI28+e2cm9otk0dWdXHAEo=
golang.org/x/tools v0.0.0-20200619180055-7c47624df98f/go.mod h1:EkVYQZoAsY45+roYkvgYkIh4xh/qjgUK9TdY2XT94GE=
golang.org/x/tools v0.0.0-20200711155855-7342f9734a7d/go.mod h1:njjCfa9FT2d7l9Bc6FUM5FLjQPp3cFF28FI3qnDFljA=
golang.org/x/tools v0.0.0-20210106214847-113979e3529a/go.mod h1:emZCQorbCU4vsT4fOWvOPXz4eW1wZW4PmDk9uLelYpA=
golang.org/x/tools v0.1.0/go.mod h1:xkSsbof2nBLbhDlRMhhhyNLN/zl3eTqcnHD5viDpcZ0=
golang.org/x/tools v0.1.1/go.mod h1:o0xws9oXOQQZyjljx8fwUC0k7L1pTE6eaCbjGeHmOkk=
golang.org/x/tools v0.38.0 h1:Hx2Xv8hISq8Lm16jvBZ2VQf+RLmbd7wVUsALibYI/IQ=
golang.org/x/tools v0.38.0/go.mod h1:yEsQ/d/YK8cjh0L6rZlY8tgtlKiBNTL14pGDJPJpYQs=
golang.org/x/xerrors v0.0.0-20190717185122-a985d3407aa7/go.mod h1:I/5z698sn9Ka8TeJc9MKroUUfqBBauWjQqLJ2OPfmY0=
golang.org/x/xerrors v0.0.0-20191011141410-1b5146add898/go.mod h1:I/5z698sn9Ka8TeJc9MKroUUfqBBauWjQqLJ2OPfmY0=
golang.org/x/xerrors v0.0.0-20191204190536-9bdfabe68543/go.mod h1:I/5z698sn9Ka8TeJc9MKroUUfqBBauWjQqLJ2OPfmY0=
golang.org/x/xerrors v0.0.0-20200804184101-5ec99f83aff1/go.mod h1:I/5z698sn9Ka8TeJc9MKroUUfqBBauWjQqLJ2OPfmY0=
golang.org/x/xerrors v0.0.0-20240903120638-7835f813f4da h1:noIWHXmPHxILtqtCOPIhSt0ABwskkZKjD3bXGnZGpNY=
golang.org/x/xerrors v0.0.0-20240903120638-7835f813f4da/go.mod h1:NDW/Ps6MPRej6fsCIbMTohpP40sJ/P/vI1MoTEGwX90=
gonum.org/v1/gonum v0.16.0 h1:5+ul4Swaf3ESvrOnidPp4GZbzf0mxVQpDCYUQE7OJfk=
gonum.org/v1/gonum v0.16.0/go.mod h1:fef3am4MQ93R2HHpKnLk4/Tbh/s0+wqD5nfa6Pnwy4E=
google.golang.org/api v0.252.0 h1:xfKJeAJaMwb8OC9fesr369rjciQ704AjU/psjkKURSI=
google.golang.org/api v0.252.0/go.mod h1:dnHOv81x5RAmumZ7BWLShB/u7JZNeyalImxHmtTHxqw=
google.golang.org/appengine v1.6.8 h1:IhEN5q69dyKagZPYMSdIjS2HqprW324FRQZJcGqPAsM=
google.golang.org/appengine v1.6.8/go.mod h1:1jJ3jBArFh5pcgW8gCtRJnepW8FzD1V44FJffLiz/Ds=
google.golang.org/genproto v0.0.0-20251020155222-88f65dc88635 h1:I5FLgnlmGA5voD3BZp9Rc17FGiius/DlMB3WsJ1C4Xw=
google.golang.org/genproto v0.0.0-20251020155222-88f65dc88635/go.mod h1:1Ic78BnpzY8OaTCmzxJDP4qC9INZPbGZl+54RKjtyeI=
google.golang.org/genproto/googleapis/api v0.0.0-20251020155222-88f65dc88635 h1:1wvBeYv+A2zfEbxROscJl69OP0m74S8wGEO+Syat26o=
google.golang.org/genproto/googleapis/api v0.0.0-20251020155222-88f65dc88635/go.mod h1:fDMmzKV90WSg1NbozdqrE64fkuTv6mlq2zxo9ad+3yo=
google.golang.org/genproto/googleapis/rpc v0.0.0-20251020155222-88f65dc88635 h1:3uycTxukehWrxH4HtPRtn1PDABTU331ViDjyqrUbaog=
google.golang.org/genproto/googleapis/rpc v0.0.0-20251020155222-88f65dc88635/go.mod h1:7i2o+ce6H/6BluujYR+kqX3GKH+dChPTQU19wjRPiGk=
google.golang.org/grpc v1.76.0 h1:UnVkv1+uMLYXoIz6o7chp59WfQUYA2ex/BXQ9rHZu7A=
google.golang.org/grpc v1.76.0/go.mod h1:Ju12QI8M6iQJtbcsV+awF5a4hfJMLi4X0JLo94ULZ6c=
google.golang.org/protobuf v1.26.0-rc.1/go.mod h1:jlhhOSvTdKEhbULTjvd4ARK9grFBp09yW+WbY/TyQbw=
google.golang.org/protobuf v1.26.0/go.mod h1:9q0QmTI4eRPtz6boOQmLYwt+qCgq0jsYwAQnmE0givc=
google.golang.org/protobuf v1.27.1/go.mod h1:9q0QmTI4eRPtz6boOQmLYwt+qCgq0jsYwAQnmE0givc=
google.golang.org/protobuf v1.33.0/go.mod h1:c6P6GXX6sHbq/GpV6MGZEdwhWPcYBgnhAHhKbcUYpos=
google.golang.org/protobuf v1.36.10 h1:AYd7cD/uASjIL6Q9LiTjz8JLcrh/88q5UObnmY3aOOE=
google.golang.org/protobuf v1.36.10/go.mod h1:HTf+CrKn2C3g5S8VImy6tdcUvCska2kB7j23XfzDpco=
gopkg.in/DataDog/dd-trace-go.v1 v1.74.7 h1:Vz7lua569eApE/1suZueI8ixJZqJCSbWavE9SuTDV9c=
gopkg.in/DataDog/dd-trace-go.v1 v1.74.7/go.mod h1:yLnCS8nIkriRHfQW+YPDcNG+8ehXYNVio3NSEqy1Iqk=
gopkg.in/check.v1 v0.0.0-20161208181325-20d25e280405/go.mod h1:Co6ibVJAznAaIkqp8huTwlJQCZ016jof/cbN4VW5Yz0=
gopkg.in/check.v1 v1.0.0-20201130134442-10cb98267c6c h1:Hei/4ADfdWqJk1ZMxUNpqntNwaWcugrBjAiHlqqRiVk=
gopkg.in/check.v1 v1.0.0-20201130134442-10cb98267c6c/go.mod h1:JHkPIbrfpd72SG/EVd6muEfDQjcINNoR0C8j2r3qZ4Q=
gopkg.in/gorp.v1 v1.7.2 h1:j3DWlAyGVv8whO7AcIWznQ2Yj7yJkn34B8s63GViAAw=
gopkg.in/gorp.v1 v1.7.2/go.mod h1:Wo3h+DBQZIxATwftsglhdD/62zRFPhGhTiu5jUJmCaw=
gopkg.in/ini.v1 v1.67.0 h1:Dgnx+6+nfE+IfzjUEISNeydPJh9AXNNsWbGP9KzCsOA=
gopkg.in/ini.v1 v1.67.0/go.mod h1:pNLf8WUiyNEtQjuu5G5vTm06TEv9tsIgeAvK8hOrP4k=
gopkg.in/yaml.v2 v2.2.2/go.mod h1:hI93XBmqTisBFMUTm0b8Fm+jr3Dg1NNxqwp+5A1VGuI=
gopkg.in/yaml.v2 v2.3.0/go.mod h1:hI93XBmqTisBFMUTm0b8Fm+jr3Dg1NNxqwp+5A1VGuI=
gopkg.in/yaml.v2 v2.4.0 h1:D8xgwECY7CYvx+Y2n4sBz93Jn9JRvxdiyyo8CTfuKaY=
gopkg.in/yaml.v2 v2.4.0/go.mod h1:RDklbk79AGWmwhnvt/jBztapEOGDOx6ZbXqjP6csGnQ=
gopkg.in/yaml.v3 v3.0.0-20200313102051-9f266ea9e77c/go.mod h1:K4uyk7z7BCEPqu6E+C64Yfv1cQ7kz7rIZviUmN+EgEM=
gopkg.in/yaml.v3 v3.0.0-20210107192922-496545a6307b/go.mod h1:K4uyk7z7BCEPqu6E+C64Yfv1cQ7kz7rIZviUmN+EgEM=
gopkg.in/yaml.v3 v3.0.1 h1:fxVm/GzAzEWqLHuvctI91KS9hhNmmWOoWu0XTYJS7CA=
gopkg.in/yaml.v3 v3.0.1/go.mod h1:K4uyk7z7BCEPqu6E+C64Yfv1cQ7kz7rIZviUmN+EgEM=
gotest.tools v2.2.0+incompatible/go.mod h1:DsYFclhRJ6vuDpmuTbkuFWG+y2sxOXAzmJt81HFBacw=
k8s.io/apimachinery v0.32.3 h1:JmDuDarhDmA/Li7j3aPrwhpNBA94Nvk5zLeOge9HH1U=
k8s.io/apimachinery v0.32.3/go.mod h1:GpHVgxoKlTxClKcteaeuF1Ul/lDVb74KpZcxcmLDElE=
modernc.org/cc v1.0.0/go.mod h1:1Sk4//wdnYJiUIxnW8ddKpaOJCF37yAdqYnkxUpaYxw=
modernc.org/cc v1.0.1/go.mod h1:uj1/YV+GYVdtSfGOgOtY62Jz8YIiEC0EzZNq481HIQs=
modernc.org/fileutil v1.0.0/go.mod h1:JHsWpkrk/CnVV1H/eGlFf85BEpfkrp56ro8nojIq9Q8=
modernc.org/golex v1.0.0/go.mod h1:b/QX9oBD/LhixY6NDh+IdGv17hgB+51fET1i2kPSmvk=
modernc.org/golex v1.0.1/go.mod h1:QCA53QtsT1NdGkaZZkF5ezFwk4IXh4BGNafAARTC254=
modernc.org/internal v1.0.0/go.mod h1:VUD/+JAkhCpvkUitlEOnhpVxCgsBI90oTzSCRcqQVSM=
modernc.org/ir v1.0.0/go.mod h1:wxK1nK3PS04CASoUY+HJr+FQywv4+D38y2sRrd71y7s=
modernc.org/lex v1.0.0/go.mod h1:G6rxMTy3cH2iA0iXL/HRRv4Znu8MK4higxph/lE7ypk=
modernc.org/lexer v1.0.0/go.mod h1:F/Dld0YKYdZCLQ7bD0USbWL4YKCyTDRDHiDTOs0q0vk=
modernc.org/mathutil v1.0.0/go.mod h1:wU0vUrJsVWBZ4P6e7xtFJEhFSNsfRLJ8H458uRjg03k=
modernc.org/mathutil v1.1.1/go.mod h1:mZW8CKdRPY1v87qxC/wUdX5O1qDzXMP5TH3wjfpga6E=
modernc.org/mathutil v1.2.2/go.mod h1:mZW8CKdRPY1v87qxC/wUdX5O1qDzXMP5TH3wjfpga6E=
modernc.org/strutil v1.1.0/go.mod h1:lstksw84oURvj9y3tn8lGvRxyRC1S2+g5uuIzNfIOBs=
modernc.org/strutil v1.1.1/go.mod h1:DE+MQQ/hjKBZS2zNInV5hhcipt5rLPWkmpbGeW5mmdw=
modernc.org/token v1.0.0/go.mod h1:UGzOrNV1mAFSEB63lOFHIpNRUVMvYTc6yu1SMY/XTDM=
modernc.org/xc v1.0.0/go.mod h1:mRNCo0bvLjGhHO9WsyuKVU4q0ceiDDDoEeWDJHrNx8I=
